{
  "name": "server",
  "lockfileVersion": 3,
  "requires": true,
  "packages": {
    "": {
      "dependencies": {
        "@sanjo/write-json": "^1.0.0",
        "ws": "^8.13.0"
      }
    },
    "node_modules/@sanjo/write-file": {
      "version": "1.0.0",
      "resolved": "https://registry.npmjs.org/@sanjo/write-file/-/write-file-1.0.0.tgz",
      "integrity": "sha512-YHMJR/4jKuXK93dcAKD63TClVIBNKahPNH8Vnv1QKk0X9fWdEXbCoObMp65tk+lfNfbYMiqNl88xR0gV3rrYXA=="
    },
    "node_modules/@sanjo/write-json": {
      "version": "1.0.0",
      "resolved": "https://registry.npmjs.org/@sanjo/write-json/-/write-json-1.0.0.tgz",
      "integrity": "sha512-eGKy5yaTRjBtrvPgAZ27sDXvpzXdp40f49zZiPzRRJwb/82f4o2hRSn1h/xBL2eBZe0sFrmCq4FDqV8exlpiTg==",
      "dependencies": {
        "@sanjo/write-file": "^1.0.0"
      }
    },
    "node_modules/ws": {
      "version": "8.13.0",
      "resolved": "https://registry.npmjs.org/ws/-/ws-8.13.0.tgz",
      "integrity": "sha512-x9vcZYTrFPC7aSIbj7sRCYo7L/Xb8Iy+pW0ng0wt2vCJv7M9HOMy0UoN3rr+IFC7hb7vXoqS+P9ktyLLLhO+LA==",
      "engines": {
        "node": ">=10.0.0"
      },
      "peerDependencies": {
        "bufferutil": "^4.0.1",
        "utf-8-validate": ">=5.0.2"
      },
      "peerDependenciesMeta": {
        "bufferutil": {
          "optional": true
        },
        "utf-8-validate": {
          "optional": true
        }
      }
    }
  }
}
